lockfileVersion: 5.4

specifiers:
  '@microsoft/api-documenter': ^7.17.15
  '@microsoft/api-extractor': ^7.24.1
  build-tls: ^1.3.11
  dts-bundle-generator: ^6.12.0
  es-expand: ^2.0.0
  package-tls: ^1.3.1
  typescript: ^4.5.4
  vite: ^2.9.9

dependencies:
  es-expand: 2.5.0

devDependencies:
  '@microsoft/api-documenter': 7.19.0
  '@microsoft/api-extractor': 7.28.6
  build-tls: 1.3.11_tgmt4ioxclj2dgcob72t5f4f4u
  dts-bundle-generator: 6.12.0
  package-tls: 1.3.1
  typescript: 4.7.4
  vite: 2.9.14

packages:

  /@babel/runtime/7.18.9:
    resolution: {integrity: sha512-lkqXDcvlFT5rvEjiu6+QYO+1GXrEHRo2LOtS7E4GtX5ESIZOgepqsZBVIj6Pv+a6zqsya9VCgiK1KAK4BvJDAw==, tarball: http://106.52.64.158:54327/repository/npm_all/@babel/runtime/-/runtime-7.18.9.tgz}
    engines: {node: '>=6.9.0'}
    dependencies:
      regenerator-runtime: 0.13.9

  /@esbuild/linux-loong64/0.14.53:
    resolution: {integrity: sha512-W2dAL6Bnyn4xa/QRSU3ilIK4EzD5wgYXKXJiS1HDF5vU3675qc2bvFyLwbUcdmssDveyndy7FbitrCoiV/eMLg==}
    engines: {node: '>=12'}
    cpu: [loong64]
    os: [linux]
    requiresBuild: true
    dev: true
    optional: true

  /@microsoft/api-documenter/7.19.0:
    resolution: {integrity: sha512-ijiO9Kg9U+mgtynrn9HlUi3svZsuiiqzaa9QxBf0Tzftpg2pCJH/WKSirfdBc3z14a5Ip5OICKrXsDLWSgh/tg==, tarball: http://106.52.64.158:54327/repository/npm_all/@microsoft/api-documenter/-/api-documenter-7.19.0.tgz}
    hasBin: true
    dependencies:
      '@microsoft/api-extractor-model': 7.22.1
      '@microsoft/tsdoc': 0.14.1
      '@rushstack/node-core-library': 3.49.0
      '@rushstack/ts-command-line': 4.12.1
      colors: 1.2.5
      js-yaml: 3.13.1
      resolve: 1.17.0
    dev: true

  /@microsoft/api-extractor-model/7.22.1:
    resolution: {integrity: sha512-3Bx6VC8F4ti8XlhaOCynCpwGvdXGwHD2dGBpo2xpJT9gEmPQvpAL3Ni+5gaEX0eQ27zGILVTUZDqZSRYskk/Rw==, tarball: http://106.52.64.158:54327/repository/npm_all/@microsoft/api-extractor-model/-/api-extractor-model-7.22.1.tgz}
    dependencies:
      '@microsoft/tsdoc': 0.14.1
      '@microsoft/tsdoc-config': 0.16.1
      '@rushstack/node-core-library': 3.49.0
    dev: true

  /@microsoft/api-extractor/7.28.6:
    resolution: {integrity: sha512-RNUokJTlBGD0ax/Jo8xLPWv4s6IboqrYrcabEEh6rFadO/tVPoV/R5YHtEeZ2q4ubvwhHTtX3sRm+p4fJo/3Sg==, tarball: http://106.52.64.158:54327/repository/npm_all/@microsoft/api-extractor/-/api-extractor-7.28.6.tgz}
    hasBin: true
    dependencies:
      '@microsoft/api-extractor-model': 7.22.1
      '@microsoft/tsdoc': 0.14.1
      '@microsoft/tsdoc-config': 0.16.1
      '@rushstack/node-core-library': 3.49.0
      '@rushstack/rig-package': 0.3.13
      '@rushstack/ts-command-line': 4.12.1
      colors: 1.2.5
      lodash: 4.17.21
      resolve: 1.17.0
      semver: 7.3.7
      source-map: 0.6.1
      typescript: 4.6.4
    dev: true

  /@microsoft/tsdoc-config/0.16.1:
    resolution: {integrity: sha512-2RqkwiD4uN6MLnHFljqBlZIXlt/SaUT6cuogU1w2ARw4nKuuppSmR0+s+NC+7kXBQykd9zzu0P4HtBpZT5zBpQ==, tarball: http://106.52.64.158:54327/repository/npm_all/@microsoft/tsdoc-config/-/tsdoc-config-0.16.1.tgz}
    dependencies:
      '@microsoft/tsdoc': 0.14.1
      ajv: 6.12.6
      jju: 1.4.0
      resolve: 1.19.0
    dev: true

  /@microsoft/tsdoc/0.14.1:
    resolution: {integrity: sha512-6Wci+Tp3CgPt/B9B0a3J4s3yMgLNSku6w5TV6mN+61C71UqsRBv2FUibBf3tPGlNxebgPHMEUzKpb1ggE8KCKw==, tarball: http://106.52.64.158:54327/repository/npm_all/@microsoft/tsdoc/-/tsdoc-0.14.1.tgz}
    dev: true

  /@rushstack/node-core-library/3.49.0:
    resolution: {integrity: sha512-yBJRzGgUNFwulVrwwBARhbGaHsxVMjsZ9JwU1uSBbqPYCdac+t2HYdzi4f4q/Zpgb0eNbwYj2yxgHYpJORNEaw==, tarball: http://106.52.64.158:54327/repository/npm_all/@rushstack/node-core-library/-/node-core-library-3.49.0.tgz}
    dependencies:
      '@types/node': 12.20.24
      colors: 1.2.5
      fs-extra: 7.0.1
      import-lazy: 4.0.0
      jju: 1.4.0
      resolve: 1.17.0
      semver: 7.3.7
      timsort: 0.3.0
      z-schema: 5.0.3
    dev: true

  /@rushstack/rig-package/0.3.13:
    resolution: {integrity: sha512-4/2+yyA/uDl7LQvtYtFs1AkhSWuaIGEKhP9/KK2nNARqOVc5eCXmu1vyOqr5mPvNq7sHoIR+sG84vFbaKYGaDA==, tarball: http://106.52.64.158:54327/repository/npm_all/@rushstack/rig-package/-/rig-package-0.3.13.tgz}
    dependencies:
      resolve: 1.17.0
      strip-json-comments: 3.1.1
    dev: true

  /@rushstack/ts-command-line/4.12.1:
    resolution: {integrity: sha512-S1Nev6h/kNnamhHeGdp30WgxZTA+B76SJ/P721ctP7DrnC+rrjAc6h/R80I4V0cA2QuEEcMdVOQCtK2BTjsOiQ==, tarball: http://106.52.64.158:54327/repository/npm_all/@rushstack/ts-command-line/-/ts-command-line-4.12.1.tgz}
    dependencies:
      '@types/argparse': 1.0.38
      argparse: 1.0.10
      colors: 1.2.5
      string-argv: 0.3.1
    dev: true

  /@types/argparse/1.0.38:
    resolution: {integrity: sha512-ebDJ9b0e702Yr7pWgB0jzm+CX4Srzz8RcXtLJDJB+BSccqMa36uyH/zUsSYao5+BD1ytv3k3rPYCq4mAE1hsXA==, tarball: http://106.52.64.158:54327/repository/npm_all/@types/argparse/-/argparse-1.0.38.tgz}
    dev: true

  /@types/node/12.20.24:
    resolution: {integrity: sha512-yxDeaQIAJlMav7fH5AQqPH1u8YIuhYJXYBzxaQ4PifsU0GDO38MSdmEDeRlIxrKbC6NbEaaEHDanWb+y30U8SQ==, tarball: http://106.52.64.158:54327/repository/npm_all/@types/node/-/node-12.20.24.tgz}
    dev: true

  /ajv/6.12.6:
    resolution: {integrity: sha512-j3fVLgvTo527anyYyJOGTYJbG+vnnQYvE0m5mmkc1TK+nxAppkCLMIL0aZ4dblVCNoGShhm+kzE4ZUykBoMg4g==, tarball: http://106.52.64.158:54327/repository/npm_all/ajv/-/ajv-6.12.6.tgz}
    dependencies:
      fast-deep-equal: 3.1.3
      fast-json-stable-stringify: 2.1.0
      json-schema-traverse: 0.4.1
      uri-js: 4.4.1
    dev: true

  /ansi-regex/5.0.1:
    resolution: {integrity: sha512-quJQXlTSUGL2LH9SUXo8VwsY4soanhgo6LNSm84E1LBcE8s3O0wpdiRzyR9z/ZZJMlMWv37qOOb9pdJlMUEKFQ==, tarball: http://106.52.64.158:54327/repository/npm_all/ansi-regex/-/ansi-regex-5.0.1.tgz}
    engines: {node: '>=8'}
    dev: true

  /ansi-styles/4.3.0:
    resolution: {integrity: sha512-zbB9rCJAT1rbjiVDb2hqKFHNYLxgtk8NURxZ3IZwD3F6NtxbXZQCnnSi1Lkx+IDohdPlFp222wVALIheZJQSEg==, tarball: http://106.52.64.158:54327/repository/npm_all/ansi-styles/-/ansi-styles-4.3.0.tgz}
    engines: {node: '>=8'}
    dependencies:
      color-convert: 2.0.1
    dev: true

  /argparse/1.0.10:
    resolution: {integrity: sha512-o5Roy6tNG4SL/FOkCAN6RzjiakZS25RLYFrcMttJqbdd8BWrnA+fGz57iN5Pb06pvBGvl5gQ0B48dJlslXvoTg==, tarball: http://106.52.64.158:54327/repository/npm_all/argparse/-/argparse-1.0.10.tgz}
    dependencies:
      sprintf-js: 1.0.3
    dev: true

  /build-tls/1.3.11_tgmt4ioxclj2dgcob72t5f4f4u:
    resolution: {integrity: sha512-YGMz5qAxqu8AXL+XkCFHq9C3sK6AjpJmD5RoMuUTB4aBEPTGn0HQ8tJzbQOv+xmoL88QOwBTVQuobojsaSjKHg==, tarball: http://106.52.64.158:54327/repository/npm_all/build-tls/-/build-tls-1.3.11.tgz}
    engines: {node: '>=16.7.0'}
    peerDependencies:
      dts-bundle-generator: ^6.12.0
      typescript: ^4.1.3
    peerDependenciesMeta:
      dts-bundle-generator:
        optional: true
      typescript:
        optional: true
    dependencies:
      dts-bundle-generator: 6.12.0
      typescript: 4.7.4
    dev: true

  /cliui/7.0.4:
    resolution: {integrity: sha512-OcRE68cOsVMXp1Yvonl/fzkQOyjLSu/8bhPDfQt0e0/Eb283TKP20Fs2MqoPsr9SwA595rRCA+QMzYc9nBP+JQ==, tarball: http://106.52.64.158:54327/repository/npm_all/cliui/-/cliui-7.0.4.tgz}
    dependencies:
      string-width: 4.2.3
      strip-ansi: 6.0.1
      wrap-ansi: 7.0.0
    dev: true

  /color-convert/2.0.1:
    resolution: {integrity: sha512-RRECPsj7iu/xb5oKYcsFHSppFNnsj/52OVTRKb4zP5onXwVF3zVmmToNcOfGC+CRDpfK/U584fMg38ZHCaElKQ==, tarball: http://106.52.64.158:54327/repository/npm_all/color-convert/-/color-convert-2.0.1.tgz}
    engines: {node: '>=7.0.0'}
    dependencies:
      color-name: 1.1.4
    dev: true

  /color-name/1.1.4:
    resolution: {integrity: sha512-dOy+3AuW3a2wNbZHIuMZpTcgjGuLU/uBL/ubcZF9OXbDo8ff4O8yVp5Bf0efS8uEoYo5q4Fx7dY9OgQGXgAsQA==, tarball: http://106.52.64.158:54327/repository/npm_all/color-name/-/color-name-1.1.4.tgz}
    dev: true

  /colors/1.2.5:
    resolution: {integrity: sha512-erNRLao/Y3Fv54qUa0LBB+//Uf3YwMUmdJinN20yMXm9zdKKqH9wt7R9IIVZ+K7ShzfpLV/Zg8+VyrBJYB4lpg==, tarball: http://106.52.64.158:54327/repository/npm_all/colors/-/colors-1.2.5.tgz}
    engines: {node: '>=0.1.90'}
    dev: true

  /commander/2.20.3:
    resolution: {integrity: sha512-GpVkmM8vF2vQUkj2LvZmD35JxeJOLCwJ9cUkugyk2nuhbv3+mJvpLYYt+0+USMxE+oj+ey/lJEnhZw75x/OMcQ==}
    requiresBuild: true
    dev: true
    optional: true

  /dts-bundle-generator/6.12.0:
    resolution: {integrity: sha512-k/QAvuVaLIdyWRUHduDrWBe4j8PcE6TDt06+f32KHbW7/SmUPbX1O23fFtQgKwUyTBkbIjJFOFtNrF97tJcKug==, tarball: http://106.52.64.158:54327/repository/npm_all/dts-bundle-generator/-/dts-bundle-generator-6.12.0.tgz}
    engines: {node: '>=12.0.0'}
    hasBin: true
    dependencies:
      typescript: 4.7.4
      yargs: 17.5.1
    dev: true

  /emoji-regex/8.0.0:
    resolution: {integrity: sha512-MSjYzcWNOA0ewAHpz0MxpYFvwg6yjy1NG3xteoqz644VCo/RPgnr1/GGt+ic3iJTzQ8Eu3TdM14SawnVUmGE6A==, tarball: http://106.52.64.158:54327/repository/npm_all/emoji-regex/-/emoji-regex-8.0.0.tgz}
    dev: true

  /es-expand/2.5.0:
    resolution: {integrity: sha512-gfJ2kc90Vo0iffqneYsu3Kxz7h6gSdFdF7vxHqUzrjMlciT8AshAo34ofWpvimR5tHSW1gSzB/Khf5sQIx8OOA==, tarball: http://106.52.64.158:54327/repository/npm_all/es-expand/-/es-expand-2.5.0.tgz}
    dependencies:
      '@babel/runtime': 7.18.9
      fun-exp: 1.0.0

  /esbuild-android-64/0.14.53:
    resolution: {integrity: sha512-fIL93sOTnEU+NrTAVMIKiAw0YH22HWCAgg4N4Z6zov2t0kY9RAJ50zY9ZMCQ+RT6bnOfDt8gCTnt/RaSNA2yRA==}
    engines: {node: '>=12'}
    cpu: [x64]
    os: [android]
    requiresBuild: true
    dev: true
    optional: true

  /esbuild-android-arm64/0.14.53:
    resolution: {integrity: sha512-PC7KaF1v0h/nWpvlU1UMN7dzB54cBH8qSsm7S9mkwFA1BXpaEOufCg8hdoEI1jep0KeO/rjZVWrsH8+q28T77A==}
    engines: {node: '>=12'}
    cpu: [arm64]
    os: [android]
    requiresBuild: true
    dev: true
    optional: true

  /esbuild-darwin-64/0.14.53:
    resolution: {integrity: sha512-gE7P5wlnkX4d4PKvLBUgmhZXvL7lzGRLri17/+CmmCzfncIgq8lOBvxGMiQ4xazplhxq+72TEohyFMZLFxuWvg==}
    engines: {node: '>=12'}
    cpu: [x64]
    os: [darwin]
    requiresBuild: true
    dev: true
    optional: true

  /esbuild-darwin-arm64/0.14.53:
    resolution: {integrity: sha512-otJwDU3hnI15Q98PX4MJbknSZ/WSR1I45il7gcxcECXzfN4Mrpft5hBDHXNRnCh+5858uPXBXA1Vaz2jVWLaIA==}
    engines: {node: '>=12'}
    cpu: [arm64]
    os: [darwin]
    requiresBuild: true
    dev: true
    optional: true

  /esbuild-freebsd-64/0.14.53:
    resolution: {integrity: sha512-WkdJa8iyrGHyKiPF4lk0MiOF87Q2SkE+i+8D4Cazq3/iqmGPJ6u49je300MFi5I2eUsQCkaOWhpCVQMTKGww2w==}
    engines: {node: '>=12'}
    cpu: [x64]
    os: [freebsd]
    requiresBuild: true
    dev: true
    optional: true

  /esbuild-freebsd-arm64/0.14.53:
    resolution: {integrity: sha512-9T7WwCuV30NAx0SyQpw8edbKvbKELnnm1FHg7gbSYaatH+c8WJW10g/OdM7JYnv7qkimw2ZTtSA+NokOLd2ydQ==}
    engines: {node: '>=12'}
    cpu: [arm64]
    os: [freebsd]
    requiresBuild: true
    dev: true
    optional: true

  /esbuild-linux-32/0.14.53:
    resolution: {integrity: sha512-VGanLBg5en2LfGDgLEUxQko2lqsOS7MTEWUi8x91YmsHNyzJVT/WApbFFx3MQGhkf+XdimVhpyo5/G0PBY91zg==}
    engines: {node: '>=12'}
    cpu: [ia32]
    os: [linux]
    requiresBuild: true
    dev: true
    optional: true

  /esbuild-linux-64/0.14.53:
    resolution: {integrity: sha512-pP/FA55j/fzAV7N9DF31meAyjOH6Bjuo3aSKPh26+RW85ZEtbJv9nhoxmGTd9FOqjx59Tc1ZbrJabuiXlMwuZQ==}
    engines: {node: '>=12'}
    cpu: [x64]
    os: [linux]
    requiresBuild: true
    dev: true
    optional: true

  /esbuild-linux-arm/0.14.53:
    resolution: {integrity: sha512-/u81NGAVZMopbmzd21Nu/wvnKQK3pT4CrvQ8BTje1STXcQAGnfyKgQlj3m0j2BzYbvQxSy+TMck4TNV2onvoPA==}
    engines: {node: '>=12'}
    cpu: [arm]
    os: [linux]
    requiresBuild: true
    dev: true
    optional: true

  /esbuild-linux-arm64/0.14.53:
    resolution: {integrity: sha512-GDmWITT+PMsjCA6/lByYk7NyFssW4Q6in32iPkpjZ/ytSyH+xeEx8q7HG3AhWH6heemEYEWpTll/eui3jwlSnw==}
    engines: {node: '>=12'}
    cpu: [arm64]
    os: [linux]
    requiresBuild: true
    dev: true
    optional: true

  /esbuild-linux-mips64le/0.14.53:
    resolution: {integrity: sha512-d6/XHIQW714gSSp6tOOX2UscedVobELvQlPMkInhx1NPz4ThZI9uNLQ4qQJHGBGKGfu+rtJsxM4NVHLhnNRdWQ==}
    engines: {node: '>=12'}
    cpu: [mips64el]
    os: [linux]
    requiresBuild: true
    dev: true
    optional: true

  /esbuild-linux-ppc64le/0.14.53:
    resolution: {integrity: sha512-ndnJmniKPCB52m+r6BtHHLAOXw+xBCWIxNnedbIpuREOcbSU/AlyM/2dA3BmUQhsHdb4w3amD5U2s91TJ3MzzA==}
    engines: {node: '>=12'}
    cpu: [ppc64]
    os: [linux]
    requiresBuild: true
    dev: true
    optional: true

  /esbuild-linux-riscv64/0.14.53:
    resolution: {integrity: sha512-yG2sVH+QSix6ct4lIzJj329iJF3MhloLE6/vKMQAAd26UVPVkhMFqFopY+9kCgYsdeWvXdPgmyOuKa48Y7+/EQ==}
    engines: {node: '>=12'}
    cpu: [riscv64]
    os: [linux]
    requiresBuild: true
    dev: true
    optional: true

  /esbuild-linux-s390x/0.14.53:
    resolution: {integrity: sha512-OCJlgdkB+XPYndHmw6uZT7jcYgzmx9K+28PVdOa/eLjdoYkeAFvH5hTwX4AXGLZLH09tpl4bVsEtvuyUldaNCg==}
    engines: {node: '>=12'}
    cpu: [s390x]
    os: [linux]
    requiresBuild: true
    dev: true
    optional: true

  /esbuild-netbsd-64/0.14.53:
    resolution: {integrity: sha512-gp2SB+Efc7MhMdWV2+pmIs/Ja/Mi5rjw+wlDmmbIn68VGXBleNgiEZG+eV2SRS0kJEUyHNedDtwRIMzaohWedQ==}
    engines: {node: '>=12'}
    cpu: [x64]
    os: [netbsd]
    requiresBuild: true
    dev: true
    optional: true

  /esbuild-openbsd-64/0.14.53:
    resolution: {integrity: sha512-eKQ30ZWe+WTZmteDYg8S+YjHV5s4iTxeSGhJKJajFfQx9TLZJvsJX0/paqwP51GicOUruFpSUAs2NCc0a4ivQQ==}
    engines: {node: '>=12'}
    cpu: [x64]
    os: [openbsd]
    requiresBuild: true
    dev: true
    optional: true

  /esbuild-sunos-64/0.14.53:
    resolution: {integrity: sha512-OWLpS7a2FrIRukQqcgQqR1XKn0jSJoOdT+RlhAxUoEQM/IpytS3FXzCJM6xjUYtpO5GMY0EdZJp+ur2pYdm39g==}
    engines: {node: '>=12'}
    cpu: [x64]
    os: [sunos]
    requiresBuild: true
    dev: true
    optional: true

  /esbuild-windows-32/0.14.53:
    resolution: {integrity: sha512-m14XyWQP5rwGW0tbEfp95U6A0wY0DYPInWBB7D69FAXUpBpBObRoGTKRv36lf2RWOdE4YO3TNvj37zhXjVL5xg==}
    engines: {node: '>=12'}
    cpu: [ia32]
    os: [win32]
    requiresBuild: true
    dev: true
    optional: true

  /esbuild-windows-64/0.14.53:
    resolution: {integrity: sha512-s9skQFF0I7zqnQ2K8S1xdLSfZFsPLuOGmSx57h2btSEswv0N0YodYvqLcJMrNMXh6EynOmWD7rz+0rWWbFpIHQ==}
    engines: {node: '>=12'}
    cpu: [x64]
    os: [win32]
    requiresBuild: true
    dev: true
    optional: true

  /esbuild-windows-arm64/0.14.53:
    resolution: {integrity: sha512-E+5Gvb+ZWts+00T9II6wp2L3KG2r3iGxByqd/a1RmLmYWVsSVUjkvIxZuJ3hYTIbhLkH5PRwpldGTKYqVz0nzQ==}
    engines: {node: '>=12'}
    cpu: [arm64]
    os: [win32]
    requiresBuild: true
    dev: true
    optional: true

  /esbuild/0.14.53:
    resolution: {integrity: sha512-ohO33pUBQ64q6mmheX1mZ8mIXj8ivQY/L4oVuAshr+aJI+zLl+amrp3EodrUNDNYVrKJXGPfIHFGhO8slGRjuw==, tarball: http://106.52.64.158:54327/repository/npm_all/esbuild/-/esbuild-0.14.53.tgz}
    engines: {node: '>=12'}
    hasBin: true
    requiresBuild: true
    optionalDependencies:
      '@esbuild/linux-loong64': 0.14.53
      esbuild-android-64: 0.14.53
      esbuild-android-arm64: 0.14.53
      esbuild-darwin-64: 0.14.53
      esbuild-darwin-arm64: 0.14.53
      esbuild-freebsd-64: 0.14.53
      esbuild-freebsd-arm64: 0.14.53
      esbuild-linux-32: 0.14.53
      esbuild-linux-64: 0.14.53
      esbuild-linux-arm: 0.14.53
      esbuild-linux-arm64: 0.14.53
      esbuild-linux-mips64le: 0.14.53
      esbuild-linux-ppc64le: 0.14.53
      esbuild-linux-riscv64: 0.14.53
      esbuild-linux-s390x: 0.14.53
      esbuild-netbsd-64: 0.14.53
      esbuild-openbsd-64: 0.14.53
      esbuild-sunos-64: 0.14.53
      esbuild-windows-32: 0.14.53
      esbuild-windows-64: 0.14.53
      esbuild-windows-arm64: 0.14.53
    dev: true

  /escalade/3.1.1:
    resolution: {integrity: sha512-k0er2gUkLf8O0zKJiAhmkTnJlTvINGv7ygDNPbeIsX/TJjGJZHuh9B2UxbsaEkmlEo9MfhrSzmhIlhRlI2GXnw==, tarball: http://106.52.64.158:54327/repository/npm_all/escalade/-/escalade-3.1.1.tgz}
    engines: {node: '>=6'}
    dev: true

  /esprima/4.0.1:
    resolution: {integrity: sha512-eGuFFw7Upda+g4p+QHvnW0RyTX/SVeJBDM/gCtMARO0cLuT2HcEKnTPvhjV6aGeqrCB/sbNop0Kszm0jsaWU4A==, tarball: http://106.52.64.158:54327/repository/npm_all/esprima/-/esprima-4.0.1.tgz}
    engines: {node: '>=4'}
    hasBin: true
    dev: true

  /fast-deep-equal/3.1.3:
    resolution: {integrity: sha512-f3qQ9oQy9j2AhBe/H9VC91wLmKBCCU/gDOnKNAYG5hswO7BLKj09Hc5HYNz9cGI++xlpDCIgDaitVs03ATR84Q==, tarball: http://106.52.64.158:54327/repository/npm_all/fast-deep-equal/-/fast-deep-equal-3.1.3.tgz}
    dev: true

  /fast-json-stable-stringify/2.1.0:
    resolution: {integrity: sha512-lhd/wF+Lk98HZoTCtlVraHtfh5XYijIjalXck7saUtuanSDyLMxnHhSXEDJqHxD7msR8D0uCmqlkwjCV8xvwHw==, tarball: http://106.52.64.158:54327/repository/npm_all/fast-json-stable-stringify/-/fast-json-stable-stringify-2.1.0.tgz}
    dev: true

  /fs-extra/7.0.1:
    resolution: {integrity: sha512-YJDaCJZEnBmcbw13fvdAM9AwNOJwOzrE4pqMqBq5nFiEqXUqHwlK4B+3pUw6JNvfSPtX05xFHtYy/1ni01eGCw==, tarball: http://106.52.64.158:54327/repository/npm_all/fs-extra/-/fs-extra-7.0.1.tgz}
    engines: {node: '>=6 <7 || >=8'}
    dependencies:
      graceful-fs: 4.2.10
      jsonfile: 4.0.0
      universalify: 0.1.2
    dev: true

  /fsevents/2.3.2:
    resolution: {integrity: sha512-xiqMQR4xAeHTuB9uWm+fFRcIOgKBMiOBP+eXiyT7jsgVCq1bkVygt00oASowB7EdtpOHaaPgKt812P9ab+DDKA==}
    engines: {node: ^8.16.0 || ^10.6.0 || >=11.0.0}
    os: [darwin]
    requiresBuild: true
    dev: true
    optional: true

  /fun-exp/1.0.0:
    resolution: {integrity: sha512-+6M3hqJjIaJ4ABSdAMhl5G1vD1qLK2gy2S+SAEzorHHjBdTu+u+Bu66JZAIs4axbWvxh/0SV/GXf33TW14SnzQ==, tarball: http://106.52.64.158:54327/repository/npm_all/fun-exp/-/fun-exp-1.0.0.tgz}
    dependencies:
      '@babel/runtime': 7.18.9

  /function-bind/1.1.1:
    resolution: {integrity: sha512-yIovAzMX49sF8Yl58fSCWJ5svSLuaibPxXQJFLmBObTuCr0Mf1KiPopGM9NiFjiYBCbfaa2Fh6breQ6ANVTI0A==, tarball: http://106.52.64.158:54327/repository/npm_all/function-bind/-/function-bind-1.1.1.tgz}
    dev: true

  /get-caller-file/2.0.5:
    resolution: {integrity: sha512-DyFP3BM/3YHTQOCUL/w0OZHR0lpKeGrxotcHWcqNEdnltqFwXVfhEBQ94eIo34AfQpo0rGki4cyIiftY06h2Fg==, tarball: http://106.52.64.158:54327/repository/npm_all/get-caller-file/-/get-caller-file-2.0.5.tgz}
    engines: {node: 6.* || 8.* || >= 10.*}
    dev: true

  /graceful-fs/4.2.10:
    resolution: {integrity: sha512-9ByhssR2fPVsNZj478qUUbKfmL0+t5BDVyjShtyZZLiK7ZDAArFFfopyOTj0M05wE2tJPisA4iTnnXl2YoPvOA==, tarball: http://106.52.64.158:54327/repository/npm_all/graceful-fs/-/graceful-fs-4.2.10.tgz}
    dev: true

  /has/1.0.3:
    resolution: {integrity: sha512-f2dvO0VU6Oej7RkWJGrehjbzMAjFp5/VKPp5tTpWIV4JHHZK1/BxbFRtf/siA2SWTe09caDmVtYYzWEIbBS4zw==, tarball: http://106.52.64.158:54327/repository/npm_all/has/-/has-1.0.3.tgz}
    engines: {node: '>= 0.4.0'}
    dependencies:
      function-bind: 1.1.1
    dev: true

  /import-lazy/4.0.0:
    resolution: {integrity: sha512-rKtvo6a868b5Hu3heneU+L4yEQ4jYKLtjpnPeUdK7h0yzXGmyBTypknlkCvHFBqfX9YlorEiMM6Dnq/5atfHkw==, tarball: http://106.52.64.158:54327/repository/npm_all/import-lazy/-/import-lazy-4.0.0.tgz}
    engines: {node: '>=8'}
    dev: true

  /is-core-module/2.10.0:
    resolution: {integrity: sha512-Erxj2n/LDAZ7H8WNJXd9tw38GYM3dv8rk8Zcs+jJuxYTW7sozH+SS8NtrSjVL1/vpLvWi1hxy96IzjJ3EHTJJg==, tarball: http://106.52.64.158:54327/repository/npm_all/is-core-module/-/is-core-module-2.10.0.tgz}
    dependencies:
      has: 1.0.3
    dev: true

  /is-fullwidth-code-point/3.0.0:
    resolution: {integrity: sha512-zymm5+u+sCsSWyD9qNaejV3DFvhCKclKdizYaJUuHA83RLjb7nSuGnddCHGv0hk+KY7BMAlsWeK4Ueg6EV6XQg==, tarball: http://106.52.64.158:54327/repository/npm_all/is-fullwidth-code-point/-/is-fullwidth-code-point-3.0.0.tgz}
    engines: {node: '>=8'}
    dev: true

  /jju/1.4.0:
    resolution: {integrity: sha512-8wb9Yw966OSxApiCt0K3yNJL8pnNeIv+OEq2YMidz4FKP6nonSRoOXc80iXY4JaN2FC11B9qsNmDsm+ZOfMROA==, tarball: http://106.52.64.158:54327/repository/npm_all/jju/-/jju-1.4.0.tgz}
    dev: true

  /js-yaml/3.13.1:
    resolution: {integrity: sha512-YfbcO7jXDdyj0DGxYVSlSeQNHbD7XPWvrVWeVUujrQEoZzWJIRrCPoyk6kL6IAjAG2IolMK4T0hNUe0HOUs5Jw==, tarball: http://106.52.64.158:54327/repository/npm_all/js-yaml/-/js-yaml-3.13.1.tgz}
    hasBin: true
    dependencies:
      argparse: 1.0.10
      esprima: 4.0.1
    dev: true

  /json-schema-traverse/0.4.1:
    resolution: {integrity: sha512-xbbCH5dCYU5T8LcEhhuh7HJ88HXuW3qsI3Y0zOZFKfZEHcpWiHU/Jxzk629Brsab/mMiHQti9wMP+845RPe3Vg==, tarball: http://106.52.64.158:54327/repository/npm_all/json-schema-traverse/-/json-schema-traverse-0.4.1.tgz}
    dev: true

  /jsonfile/4.0.0:
    resolution: {integrity: sha512-m6F1R3z8jjlf2imQHS2Qez5sjKWQzbuuhuJ/FKYFRZvPE3PuHcSMVZzfsLhGVOkfd20obL5SWEBew5ShlquNxg==, tarball: http://106.52.64.158:54327/repository/npm_all/jsonfile/-/jsonfile-4.0.0.tgz}
    optionalDependencies:
      graceful-fs: 4.2.10
    dev: true

  /lodash.get/4.4.2:
    resolution: {integrity: sha512-z+Uw/vLuy6gQe8cfaFWD7p0wVv8fJl3mbzXh33RS+0oW2wvUqiRXiQ69gLWSLpgB5/6sU+r6BlQR0MBILadqTQ==, tarball: http://106.52.64.158:54327/repository/npm_all/lodash.get/-/lodash.get-4.4.2.tgz}
    dev: true

  /lodash.isequal/4.5.0:
    resolution: {integrity: sha512-pDo3lu8Jhfjqls6GkMgpahsF9kCyayhgykjyLMNFTKWrpVdAQtYyB4muAMWozBB4ig/dtWAmsMxLEI8wuz+DYQ==, tarball: http://106.52.64.158:54327/repository/npm_all/lodash.isequal/-/lodash.isequal-4.5.0.tgz}
    dev: true

  /lodash/4.17.21:
    resolution: {integrity: sha512-v2kDEe57lecTulaDIuNTPy3Ry4gLGJ6Z1O3vE1krgXZNrsQ+LFTGHVxVjcXPs17LhbZVGedAJv8XZ1tvj5FvSg==, tarball: http://106.52.64.158:54327/repository/npm_all/lodash/-/lodash-4.17.21.tgz}
    dev: true

  /lru-cache/6.0.0:
    resolution: {integrity: sha512-Jo6dJ04CmSjuznwJSS3pUeWmd/H0ffTlkXXgwZi+eq1UCmqQwCh+eLsYOYCwY991i2Fah4h1BEMCx4qThGbsiA==, tarball: http://106.52.64.158:54327/repository/npm_all/lru-cache/-/lru-cache-6.0.0.tgz}
    engines: {node: '>=10'}
    dependencies:
      yallist: 4.0.0
    dev: true

  /nanoid/3.3.4:
    resolution: {integrity: sha512-MqBkQh/OHTS2egovRtLk45wEyNXwF+cokD+1YPf9u5VfJiRdAiRwB2froX5Co9Rh20xs4siNPm8naNotSD6RBw==, tarball: http://106.52.64.158:54327/repository/npm_all/nanoid/-/nanoid-3.3.4.tgz}
    engines: {node: ^10 || ^12 || ^13.7 || ^14 || >=15.0.1}
    hasBin: true
    dev: true

  /package-tls/1.3.1:
    resolution: {integrity: sha512-ulRUj5HEdjw+Cjcarjyvdszq9slaFD4U31ImUu1lWMeaMLFFSGC5fnyvebIv9/j0nUBBIJ0fUriuHYQCbWyvgg==}
    dependencies:
      es-expand: 2.5.0
    dev: true

  /path-parse/1.0.7:
    resolution: {integrity: sha512-LDJzPVEEEPR+y48z93A0Ed0yXb8pAByGWo/k5YYdYgpY2/2EsOsksJrq7lOHxryrVOn1ejG6oAp8ahvOIQD8sw==, tarball: http://106.52.64.158:54327/repository/npm_all/path-parse/-/path-parse-1.0.7.tgz}
    dev: true

  /picocolors/1.0.0:
    resolution: {integrity: sha512-1fygroTLlHu66zi26VoTDv8yRgm0Fccecssto+MhsZ0D/DGW2sm8E8AjW7NU5VVTRt5GxbeZ5qBuJr+HyLYkjQ==, tarball: http://106.52.64.158:54327/repository/npm_all/picocolors/-/picocolors-1.0.0.tgz}
    dev: true

  /postcss/8.4.14:
    resolution: {integrity: sha512-E398TUmfAYFPBSdzgeieK2Y1+1cpdxJx8yXbK/m57nRhKSmk1GB2tO4lbLBtlkfPQTDKfe4Xqv1ASWPpayPEig==, tarball: http://106.52.64.158:54327/repository/npm_all/postcss/-/postcss-8.4.14.tgz}
    engines: {node: ^10 || ^12 || >=14}
    dependencies:
      nanoid: 3.3.4
      picocolors: 1.0.0
      source-map-js: 1.0.2
    dev: true

  /punycode/2.1.1:
    resolution: {integrity: sha512-XRsRjdf+j5ml+y/6GKHPZbrF/8p2Yga0JPtdqTIY2Xe5ohJPD9saDJJLPvp9+NSBprVvevdXZybnj2cv8OEd0A==, tarball: http://106.52.64.158:54327/repository/npm_all/punycode/-/punycode-2.1.1.tgz}
    engines: {node: '>=6'}
    dev: true

  /regenerator-runtime/0.13.9:
    resolution: {integrity: sha512-p3VT+cOEgxFsRRA9X4lkI1E+k2/CtnKtU4gcxyaCUreilL/vqI6CdZ3wxVUx3UOUg+gnUOQQcRI7BmSI656MYA==, tarball: http://106.52.64.158:54327/repository/npm_all/regenerator-runtime/-/regenerator-runtime-0.13.9.tgz}

  /require-directory/2.1.1:
    resolution: {integrity: sha512-fGxEI7+wsG9xrvdjsrlmL22OMTTiHRwAMroiEeMgq8gzoLC/PQr7RsRDSTLUg/bZAZtF+TVIkHc6/4RIKrui+Q==, tarball: http://106.52.64.158:54327/repository/npm_all/require-directory/-/require-directory-2.1.1.tgz}
    engines: {node: '>=0.10.0'}
    dev: true

  /resolve/1.17.0:
    resolution: {integrity: sha512-ic+7JYiV8Vi2yzQGFWOkiZD5Z9z7O2Zhm9XMaTxdJExKasieFCr+yXZ/WmXsckHiKl12ar0y6XiXDx3m4RHn1w==, tarball: http://106.52.64.158:54327/repository/npm_all/resolve/-/resolve-1.17.0.tgz}
    dependencies:
      path-parse: 1.0.7
    dev: true

  /resolve/1.19.0:
    resolution: {integrity: sha512-rArEXAgsBG4UgRGcynxWIWKFvh/XZCcS8UJdHhwy91zwAvCZIbcs+vAbflgBnNjYMs/i/i+/Ux6IZhML1yPvxg==, tarball: http://106.52.64.158:54327/repository/npm_all/resolve/-/resolve-1.19.0.tgz}
    dependencies:
      is-core-module: 2.10.0
      path-parse: 1.0.7
    dev: true

  /resolve/1.22.1:
    resolution: {integrity: sha512-nBpuuYuY5jFsli/JIs1oldw6fOQCBioohqWZg/2hiaOybXOft4lonv85uDOKXdf8rhyK159cxU5cDcK/NKk8zw==, tarball: http://106.52.64.158:54327/repository/npm_all/resolve/-/resolve-1.22.1.tgz}
    hasBin: true
    dependencies:
      is-core-module: 2.10.0
      path-parse: 1.0.7
      supports-preserve-symlinks-flag: 1.0.0
    dev: true

  /rollup/2.77.2:
    resolution: {integrity: sha512-m/4YzYgLcpMQbxX3NmAqDvwLATZzxt8bIegO78FZLl+lAgKJBd1DRAOeEiZcKOIOPjxE6ewHWHNgGEalFXuz1g==, tarball: http://106.52.64.158:54327/repository/npm_all/rollup/-/rollup-2.77.2.tgz}
    engines: {node: '>=10.0.0'}
    hasBin: true
    optionalDependencies:
      fsevents: 2.3.2
    dev: true

  /semver/7.3.7:
    resolution: {integrity: sha512-QlYTucUYOews+WeEujDoEGziz4K6c47V/Bd+LjSSYcA94p+DmINdf7ncaUinThfvZyu13lN9OY1XDxt8C0Tw0g==, tarball: http://106.52.64.158:54327/repository/npm_all/semver/-/semver-7.3.7.tgz}
    engines: {node: '>=10'}
    hasBin: true
    dependencies:
      lru-cache: 6.0.0
    dev: true

  /source-map-js/1.0.2:
    resolution: {integrity: sha512-R0XvVJ9WusLiqTCEiGCmICCMplcCkIwwR11mOSD9CR5u+IXYdiseeEuXCVAjS54zqwkLcPNnmU4OeJ6tUrWhDw==, tarball: http://106.52.64.158:54327/repository/npm_all/source-map-js/-/source-map-js-1.0.2.tgz}
    engines: {node: '>=0.10.0'}
    dev: true

  /source-map/0.6.1:
    resolution: {integrity: sha512-UjgapumWlbMhkBgzT7Ykc5YXUT46F0iKu8SGXq0bcwP5dz/h0Plj6enJqjz1Zbq2l5WaqYnrVbwWOWMyF3F47g==, tarball: http://106.52.64.158:54327/repository/npm_all/source-map/-/source-map-0.6.1.tgz}
    engines: {node: '>=0.10.0'}
    dev: true

  /sprintf-js/1.0.3:
    resolution: {integrity: sha512-D9cPgkvLlV3t3IzL0D0YLvGA9Ahk4PcvVwUbN0dSGr1aP0Nrt4AEnTUbuGvquEC0mA64Gqt1fzirlRs5ibXx8g==, tarball: http://106.52.64.158:54327/repository/npm_all/sprintf-js/-/sprintf-js-1.0.3.tgz}
    dev: true

  /string-argv/0.3.1:
    resolution: {integrity: sha512-a1uQGz7IyVy9YwhqjZIZu1c8JO8dNIe20xBmSS6qu9kv++k3JGzCVmprbNN5Kn+BgzD5E7YYwg1CcjuJMRNsvg==, tarball: http://106.52.64.158:54327/repository/npm_all/string-argv/-/string-argv-0.3.1.tgz}
    engines: {node: '>=0.6.19'}
    dev: true

  /string-width/4.2.3:
    resolution: {integrity: sha512-wKyQRQpjJ0sIp62ErSZdGsjMJWsap5oRNihHhu6G7JVO/9jIB6UyevL+tXuOqrng8j/cxKTWyWUwvSTriiZz/g==, tarball: http://106.52.64.158:54327/repository/npm_all/string-width/-/string-width-4.2.3.tgz}
    engines: {node: '>=8'}
    dependencies:
      emoji-regex: 8.0.0
      is-fullwidth-code-point: 3.0.0
      strip-ansi: 6.0.1
    dev: true

  /strip-ansi/6.0.1:
    resolution: {integrity: sha512-Y38VPSHcqkFrCpFnQ9vuSXmquuv5oXOKpGeT6aGrr3o3Gc9AlVa6JBfUSOCnbxGGZF+/0ooI7KrPuUSztUdU5A==, tarball: http://106.52.64.158:54327/repository/npm_all/strip-ansi/-/strip-ansi-6.0.1.tgz}
    engines: {node: '>=8'}
    dependencies:
      ansi-regex: 5.0.1
    dev: true

  /strip-json-comments/3.1.1:
    resolution: {integrity: sha512-6fPc+R4ihwqP6N/aIv2f1gMH8lOVtWQHoqC4yK6oSDVVocumAsfCqjkXnqiYMhmMwS/mEHLp7Vehlt3ql6lEig==, tarball: http://106.52.64.158:54327/repository/npm_all/strip-json-comments/-/strip-json-comments-3.1.1.tgz}
    engines: {node: '>=8'}
    dev: true

  /supports-preserve-symlinks-flag/1.0.0:
    resolution: {integrity: sha512-ot0WnXS9fgdkgIcePe6RHNk1WA8+muPa6cSjeR3V8K27q9BB1rTE3R1p7Hv0z1ZyAc8s6Vvv8DIyWf681MAt0w==, tarball: http://106.52.64.158:54327/repository/npm_all/supports-preserve-symlinks-flag/-/supports-preserve-symlinks-flag-1.0.0.tgz}
    engines: {node: '>= 0.4'}
    dev: true

  /timsort/0.3.0:
    resolution: {integrity: sha512-qsdtZH+vMoCARQtyod4imc2nIJwg9Cc7lPRrw9CzF8ZKR0khdr8+2nX80PBhET3tcyTtJDxAffGh2rXH4tyU8A==, tarball: http://106.52.64.158:54327/repository/npm_all/timsort/-/timsort-0.3.0.tgz}
    dev: true

  /typescript/4.6.4:
    resolution: {integrity: sha512-9ia/jWHIEbo49HfjrLGfKbZSuWo9iTMwXO+Ca3pRsSpbsMbc7/IU8NKdCZVRRBafVPGnoJeFL76ZOAA84I9fEg==, tarball: http://106.52.64.158:54327/repository/npm_all/typescript/-/typescript-4.6.4.tgz}
    engines: {node: '>=4.2.0'}
    hasBin: true
    dev: true

  /typescript/4.7.4:
    resolution: {integrity: sha512-C0WQT0gezHuw6AdY1M2jxUO83Rjf0HP7Sk1DtXj6j1EwkQNZrHAg2XPWlq62oqEhYvONq5pkC2Y9oPljWToLmQ==, tarball: http://106.52.64.158:54327/repository/npm_all/typescript/-/typescript-4.7.4.tgz}
    engines: {node: '>=4.2.0'}
    hasBin: true
    dev: true

  /universalify/0.1.2:
    resolution: {integrity: sha512-rBJeI5CXAlmy1pV+617WB9J63U6XcazHHF2f2dbJix4XzpUF0RS3Zbj0FGIOCAva5P/d/GBOYaACQ1w+0azUkg==, tarball: http://106.52.64.158:54327/repository/npm_all/universalify/-/universalify-0.1.2.tgz}
    engines: {node: '>= 4.0.0'}
    dev: true

  /uri-js/4.4.1:
    resolution: {integrity: sha512-7rKUyy33Q1yc98pQ1DAmLtwX109F7TIfWlW1Ydo8Wl1ii1SeHieeh0HHfPeL2fMXK6z0s8ecKs9frCuLJvndBg==, tarball: http://106.52.64.158:54327/repository/npm_all/uri-js/-/uri-js-4.4.1.tgz}
    dependencies:
      punycode: 2.1.1
    dev: true

  /validator/13.7.0:
    resolution: {integrity: sha512-nYXQLCBkpJ8X6ltALua9dRrZDHVYxjJ1wgskNt1lH9fzGjs3tgojGSCBjmEPwkWS1y29+DrizMTW19Pr9uB2nw==, tarball: http://106.52.64.158:54327/repository/npm_all/validator/-/validator-13.7.0.tgz}
    engines: {node: '>= 0.10'}
    dev: true

  /vite/2.9.14:
    resolution: {integrity: sha512-P/UCjSpSMcE54r4mPak55hWAZPlyfS369svib/gpmz8/01L822lMPOJ/RYW6tLCe1RPvMvOsJ17erf55bKp4Hw==, tarball: http://106.52.64.158:54327/repository/npm_all/vite/-/vite-2.9.14.tgz}
    engines: {node: '>=12.2.0'}
    hasBin: true
    peerDependencies:
      less: '*'
      sass: '*'
      stylus: '*'
    peerDependenciesMeta:
      less:
        optional: true
      sass:
        optional: true
      stylus:
        optional: true
    dependencies:
      esbuild: 0.14.53
      postcss: 8.4.14
      resolve: 1.22.1
      rollup: 2.77.2
    optionalDependencies:
      fsevents: 2.3.2
    dev: true

  /wrap-ansi/7.0.0:
    resolution: {integrity: sha512-YVGIj2kamLSTxw6NsZjoBxfSwsn0ycdesmc4p+Q21c5zPuZ1pl+NfxVdxPtdHvmNVOQ6XSYG4AUtyt/Fi7D16Q==, tarball: http://106.52.64.158:54327/repository/npm_all/wrap-ansi/-/wrap-ansi-7.0.0.tgz}
    engines: {node: '>=10'}
    dependencies:
      ansi-styles: 4.3.0
      string-width: 4.2.3
      strip-ansi: 6.0.1
    dev: true

  /y18n/5.0.8:
    resolution: {integrity: sha512-0pfFzegeDWJHJIAmTLRP2DwHjdF5s7jo9tuztdQxAhINCdvS+3nGINqPd00AphqJR/0LhANUS6/+7SCb98YOfA==, tarball: http://106.52.64.158:54327/repository/npm_all/y18n/-/y18n-5.0.8.tgz}
    engines: {node: '>=10'}
    dev: true

  /yallist/4.0.0:
    resolution: {integrity: sha512-3wdGidZyq5PB084XLES5TpOSRA3wjXAlIWMhum2kRcv/41Sn2emQ0dycQW4uZXLejwKvg6EsvbdlVL+FYEct7A==, tarball: http://106.52.64.158:54327/repository/npm_all/yallist/-/yallist-4.0.0.tgz}
    dev: true

  /yargs-parser/21.0.1:
    resolution: {integrity: sha512-9BK1jFpLzJROCI5TzwZL/TU4gqjK5xiHV/RfWLOahrjAko/e4DJkRDZQXfvqAsiZzzYhgAzbgz6lg48jcm4GLg==, tarball: http://106.52.64.158:54327/repository/npm_all/yargs-parser/-/yargs-parser-21.0.1.tgz}
    engines: {node: '>=12'}
    dev: true

  /yargs/17.5.1:
    resolution: {integrity: sha512-t6YAJcxDkNX7NFYiVtKvWUz8l+PaKTLiL63mJYWR2GnHq2gjEWISzsLp9wg3aY36dY1j+gfIEL3pIF+XlJJfbA==, tarball: http://106.52.64.158:54327/repository/npm_all/yargs/-/yargs-17.5.1.tgz}
    engines: {node: '>=12'}
    dependencies:
      cliui: 7.0.4
      escalade: 3.1.1
      get-caller-file: 2.0.5
      require-directory: 2.1.1
      string-width: 4.2.3
      y18n: 5.0.8
      yargs-parser: 21.0.1
    dev: true

  /z-schema/5.0.3:
    resolution: {integrity: sha512-sGvEcBOTNum68x9jCpCVGPFJ6mWnkD0YxOcddDlJHRx3tKdB2q8pCHExMVZo/AV/6geuVJXG7hljDaWG8+5GDw==, tarball: http://106.52.64.158:54327/repository/npm_all/z-schema/-/z-schema-5.0.3.tgz}
    engines: {node: '>=8.0.0'}
    hasBin: true
    dependencies:
      lodash.get: 4.4.2
      lodash.isequal: 4.5.0
      validator: 13.7.0
    optionalDependencies:
      commander: 2.20.3
    dev: true
